
Microsoft Visual Studio Solution File, Format Version 12.00
# Visual Studio Version 16
VisualStudioVersion = 16.0.30413.136
MinimumVisualStudioVersion = 10.0.40219.1
Project("{9A19103F-16F7-4668-BE54-9A1E7A4F7556}") = "SFA.DAS.FindEpao.Web", "SFA.DAS.FindEpao.Web\SFA.DAS.FindEpao.Web.csproj", "{A62A4E4D-537D-440A-B00F-42ACE7A3D21F}"
EndProject
Project("{FAE04EC0-301F-11D3-BF4B-00C04F79EFBC}") = "SFA.DAS.FindEpao.Web.UnitTests", "SFA.DAS.FindEpao.Web.UnitTests\SFA.DAS.FindEpao.Web.UnitTests.csproj", "{0FF48677-BCDA-4A0E-A63B-6E81609B470D}"
EndProject
Project("{FAE04EC0-301F-11D3-BF4B-00C04F79EFBC}") = "SFA.DAS.FindEpao.Web.AcceptanceTests", "SFA.DAS.FindEpao.Web.AcceptanceTests\SFA.DAS.FindEpao.Web.AcceptanceTests.csproj", "{E6170F8C-D5C4-4831-8F32-8CA08936A727}"
EndProject
Project("{2150E333-8FDC-42A3-9474-1A3956D46DE8}") = "Tests", "Tests", "{95589CB9-68DE-490E-8ED7-12A031067923}"
EndProject
Project("{2150E333-8FDC-42A3-9474-1A3956D46DE8}") = "MockServer", "MockServer", "{A65B6FEF-1B76-401E-BC92-EDA998675BD4}"
EndProject
Project("{FAE04EC0-301F-11D3-BF4B-00C04F79EFBC}") = "SFA.DAS.FindEpao.Application", "SFA.DAS.FindEpao.Application\SFA.DAS.FindEpao.Application.csproj", "{A3DE11C2-B3AC-4BFA-AD85-712DA9B9C0B8}"
EndProject
Project("{FAE04EC0-301F-11D3-BF4B-00C04F79EFBC}") = "SFA.DAS.FindEpao.Domain", "SFA.DAS.FindEpao.Domain\SFA.DAS.FindEpao.Domain.csproj", "{21FCAB01-121C-4DE9-8879-8EBFF47B713A}"
EndProject
Project("{FAE04EC0-301F-11D3-BF4B-00C04F79EFBC}") = "SFA.DAS.FindEpao.Infrastructure", "SFA.DAS.FindEpao.Infrastructure\SFA.DAS.FindEpao.Infrastructure.csproj", "{0BDB7BBC-31B2-4ABD-90DD-641482C47607}"
EndProject
Project("{FAE04EC0-301F-11D3-BF4B-00C04F79EFBC}") = "SFA.DAS.FindEpao.Domain.UnitTests", "SFA.DAS.FindEpao.Domain.UnitTests\SFA.DAS.FindEpao.Domain.UnitTests.csproj", "{C65057D7-844B-4B89-8A00-331484E2CCB5}"
EndProject
Project("{FAE04EC0-301F-11D3-BF4B-00C04F79EFBC}") = "SFA.DAS.FindEpao.Application.UnitTests", "SFA.DAS.FindEpao.Application.UnitTests\SFA.DAS.FindEpao.Application.UnitTests.csproj", "{F05ABA21-3251-4365-B137-FAF24FD700F1}"
EndProject
Project("{FAE04EC0-301F-11D3-BF4B-00C04F79EFBC}") = "SFA.DAS.FindEpao.Infrastructure.UnitTests", "SFA.DAS.FindEpao.Infrastructure.UnitTests\SFA.DAS.FindEpao.Infrastructure.UnitTests.csproj", "{BAD299FF-2392-4BD1-A4A6-C6806A093FDF}"
EndProject
Project("{2150E333-8FDC-42A3-9474-1A3956D46DE8}") = "Solution Items", "Solution Items", "{F1F2D102-8FFC-416D-9BFB-EB2ED79252D9}"
	ProjectSection(SolutionItems) = preProject
		.editorconfig = .editorconfig
	EndProjectSection
EndProject
Project("{FAE04EC0-301F-11D3-BF4B-00C04F79EFBC}") = "SFA.DAS.FindEpao.MockServer", "SFA.DAS.FindEpao.MockServer\SFA.DAS.FindEpao.MockServer.csproj", "{F58E9AE5-EA98-42ED-90F8-DA76343EAEDC}"
EndProject
Global
	GlobalSection(SolutionConfigurationPlatforms) = preSolution
		Debug|Any CPU = Debug|Any CPU
		Release|Any CPU = Release|Any CPU
	EndGlobalSection
	GlobalSection(ProjectConfigurationPlatforms) = postSolution
		{A62A4E4D-537D-440A-B00F-42ACE7A3D21F}.Debug|Any CPU.ActiveCfg = Debug|Any CPU
		{A62A4E4D-537D-440A-B00F-42ACE7A3D21F}.Debug|Any CPU.Build.0 = Debug|Any CPU
		{A62A4E4D-537D-440A-B00F-42ACE7A3D21F}.Release|Any CPU.ActiveCfg = Release|Any CPU
		{A62A4E4D-537D-440A-B00F-42ACE7A3D21F}.Release|Any CPU.Build.0 = Release|Any CPU
		{0FF48677-BCDA-4A0E-A63B-6E81609B470D}.Debug|Any CPU.ActiveCfg = Debug|Any CPU
		{0FF48677-BCDA-4A0E-A63B-6E81609B470D}.Debug|Any CPU.Build.0 = Debug|Any CPU
		{0FF48677-BCDA-4A0E-A63B-6E81609B470D}.Release|Any CPU.ActiveCfg = Release|Any CPU
		{0FF48677-BCDA-4A0E-A63B-6E81609B470D}.Release|Any CPU.Build.0 = Release|Any CPU
		{E6170F8C-D5C4-4831-8F32-8CA08936A727}.Debug|Any CPU.ActiveCfg = Debug|Any CPU
		{E6170F8C-D5C4-4831-8F32-8CA08936A727}.Debug|Any CPU.Build.0 = Debug|Any CPU
		{E6170F8C-D5C4-4831-8F32-8CA08936A727}.Release|Any CPU.ActiveCfg = Release|Any CPU
		{E6170F8C-D5C4-4831-8F32-8CA08936A727}.Release|Any CPU.Build.0 = Release|Any CPU
		{A3DE11C2-B3AC-4BFA-AD85-712DA9B9C0B8}.Debug|Any CPU.ActiveCfg = Debug|Any CPU
		{A3DE11C2-B3AC-4BFA-AD85-712DA9B9C0B8}.Debug|Any CPU.Build.0 = Debug|Any CPU
		{A3DE11C2-B3AC-4BFA-AD85-712DA9B9C0B8}.Release|Any CPU.ActiveCfg = Release|Any CPU
		{A3DE11C2-B3AC-4BFA-AD85-712DA9B9C0B8}.Release|Any CPU.Build.0 = Release|Any CPU
		{21FCAB01-121C-4DE9-8879-8EBFF47B713A}.Debug|Any CPU.ActiveCfg = Debug|Any CPU
		{21FCAB01-121C-4DE9-8879-8EBFF47B713A}.Debug|Any CPU.Build.0 = Debug|Any CPU
		{21FCAB01-121C-4DE9-8879-8EBFF47B713A}.Release|Any CPU.ActiveCfg = Release|Any CPU
		{21FCAB01-121C-4DE9-8879-8EBFF47B713A}.Release|Any CPU.Build.0 = Release|Any CPU
		{0BDB7BBC-31B2-4ABD-90DD-641482C47607}.Debug|Any CPU.ActiveCfg = Debug|Any CPU
		{0BDB7BBC-31B2-4ABD-90DD-641482C47607}.Debug|Any CPU.Build.0 = Debug|Any CPU
		{0BDB7BBC-31B2-4ABD-90DD-641482C47607}.Release|Any CPU.ActiveCfg = Release|Any CPU
		{0BDB7BBC-31B2-4ABD-90DD-641482C47607}.Release|Any CPU.Build.0 = Release|Any CPU
		{C65057D7-844B-4B89-8A00-331484E2CCB5}.Debug|Any CPU.ActiveCfg = Debug|Any CPU
		{C65057D7-844B-4B89-8A00-331484E2CCB5}.Debug|Any CPU.Build.0 = Debug|Any CPU
		{C65057D7-844B-4B89-8A00-331484E2CCB5}.Release|Any CPU.ActiveCfg = Release|Any CPU
		{C65057D7-844B-4B89-8A00-331484E2CCB5}.Release|Any CPU.Build.0 = Release|Any CPU
		{F05ABA21-3251-4365-B137-FAF24FD700F1}.Debug|Any CPU.ActiveCfg = Debug|Any CPU
		{F05ABA21-3251-4365-B137-FAF24FD700F1}.Debug|Any CPU.Build.0 = Debug|Any CPU
		{F05ABA21-3251-4365-B137-FAF24FD700F1}.Release|Any CPU.ActiveCfg = Release|Any CPU
		{F05ABA21-3251-4365-B137-FAF24FD700F1}.Release|Any CPU.Build.0 = Release|Any CPU
		{BAD299FF-2392-4BD1-A4A6-C6806A093FDF}.Debug|Any CPU.ActiveCfg = Debug|Any CPU
		{BAD299FF-2392-4BD1-A4A6-C6806A093FDF}.Debug|Any CPU.Build.0 = Debug|Any CPU
		{BAD299FF-2392-4BD1-A4A6-C6806A093FDF}.Release|Any CPU.ActiveCfg = Release|Any CPU
		{BAD299FF-2392-4BD1-A4A6-C6806A093FDF}.Release|Any CPU.Build.0 = Release|Any CPU
		{F58E9AE5-EA98-42ED-90F8-DA76343EAEDC}.Debug|Any CPU.ActiveCfg = Debug|Any CPU
		{F58E9AE5-EA98-42ED-90F8-DA76343EAEDC}.Debug|Any CPU.Build.0 = Debug|Any CPU
		{F58E9AE5-EA98-42ED-90F8-DA76343EAEDC}.Release|Any CPU.ActiveCfg = Release|Any CPU
		{F58E9AE5-EA98-42ED-90F8-DA76343EAEDC}.Release|Any CPU.Build.0 = Release|Any CPU
	EndGlobalSection
	GlobalSection(SolutionProperties) = preSolution
		HideSolutionNode = FALSE
	EndGlobalSection
	GlobalSection(NestedProjects) = preSolution
		{0FF48677-BCDA-4A0E-A63B-6E81609B470D} = {95589CB9-68DE-490E-8ED7-12A031067923}
		{E6170F8C-D5C4-4831-8F32-8CA08936A727} = {95589CB9-68DE-490E-8ED7-12A031067923}
		{C65057D7-844B-4B89-8A00-331484E2CCB5} = {95589CB9-68DE-490E-8ED7-12A031067923}
		{F05ABA21-3251-4365-B137-FAF24FD700F1} = {95589CB9-68DE-490E-8ED7-12A031067923}
		{BAD299FF-2392-4BD1-A4A6-C6806A093FDF} = {95589CB9-68DE-490E-8ED7-12A031067923}
		{F58E9AE5-EA98-42ED-90F8-DA76343EAEDC} = {A65B6FEF-1B76-401E-BC92-EDA998675BD4}
	EndGlobalSection
	GlobalSection(ExtensibilityGlobals) = postSolution
		SolutionGuid = {2BAF4C08-8B74-4BB7-A5D9-D851DC3A5894}
	EndGlobalSection
EndGlobal
